{
  "name": "swarm-test-project",
  "version": "1.0.0",
  "lockfileVersion": 3,
  "requires": true,
  "packages": {
    "": {
      "name": "swarm-test-project",
      "version": "1.0.0",
      "license": "MIT",
      "dependencies": {
        "swarm": "file:.."
      }
    },
    "..": {
      "version": "1.0.0",
      "license": "MIT",
      "dependencies": {
        "better-sqlite3": "^12.2.0",
        "openai": "^5.10.1"
      },
      "devDependencies": {
        "@babel/core": "^7.28.0",
        "@babel/preset-env": "^7.28.0",
        "@types/jest": "^30.0.0",
        "@types/node": "^24.0.15",
        "babel-jest": "^29.7.0",
        "jest": "^29.7.0",
        "ts-jest": "^29.4.0",
        "typescript": "^5.8.3"
      }
    },
    "node_modules/swarm": {
      "resolved": "..",
      "link": true
    }
  }
}
